{
    "version": 3,
    "terraform_version": "0.10.5",
    "serial": 22,
    "lineage": "680db252-c405-42e6-a68c-159a12af10df",
    "modules": [
        {
            "path": [
                "root"
            ],
            "outputs": {},
            "resources": {
                "aws_instance.node_instance": {
                    "type": "aws_instance",
                    "depends_on": [
                        "aws_security_group.node_access",
                        "aws_security_group.ssh_access",
                        "aws_subnet.cc2017_subnet",
                        "data.aws_ami.amazon_linux"
                    ],
                    "primary": {
                        "id": "i-039f988aeccc1fc2f",
                        "attributes": {
                            "ami": "ami-29550952",
                            "associate_public_ip_address": "true",
                            "availability_zone": "us-east-1a",
                            "disable_api_termination": "false",
                            "ebs_block_device.#": "0",
                            "ebs_optimized": "false",
                            "ephemeral_block_device.#": "0",
                            "iam_instance_profile": "",
                            "id": "i-039f988aeccc1fc2f",
                            "instance_state": "running",
                            "instance_type": "t2.micro",
                            "ipv6_addresses.#": "0",
                            "key_name": "codecamp2017",
                            "monitoring": "false",
                            "network_interface.#": "0",
                            "network_interface_id": "eni-5efbd649",
                            "primary_network_interface_id": "eni-5efbd649",
                            "private_dns": "ip-175-0-141-125.ec2.internal",
                            "private_ip": "175.0.141.125",
                            "public_dns": "ec2-34-201-30-196.compute-1.amazonaws.com",
                            "public_ip": "34.201.30.196",
                            "root_block_device.#": "1",
                            "root_block_device.0.delete_on_termination": "true",
                            "root_block_device.0.iops": "100",
                            "root_block_device.0.volume_size": "8",
                            "root_block_device.0.volume_type": "gp2",
                            "security_groups.#": "0",
                            "source_dest_check": "true",
                            "subnet_id": "subnet-b13297d5",
                            "tags.%": "2",
                            "tags.BuiltBy": "Terraform",
                            "tags.Name": "CodeCamp2017",
                            "tenancy": "default",
                            "volume_tags.%": "0",
                            "vpc_security_group_ids.#": "2",
                            "vpc_security_group_ids.1606547431": "sg-e3d70c90",
                            "vpc_security_group_ids.1865908345": "sg-abc318d8"
                        },
                        "meta": {
                            "e2bfb730-ecaa-11e6-8f88-34363bc7c4c0": {
                                "create": 600000000000,
                                "delete": 600000000000,
                                "update": 600000000000
                            },
                            "schema_version": "1"
                        },
                        "tainted": false
                    },
                    "deposed": [],
                    "provider": ""
                },
                "aws_internet_gateway.cc2017_igw": {
                    "type": "aws_internet_gateway",
                    "depends_on": [
                        "aws_vpc.cc2017_vpc"
                    ],
                    "primary": {
                        "id": "igw-975ab4ee",
                        "attributes": {
                            "id": "igw-975ab4ee",
                            "tags.%": "1",
                            "tags.Name": "cc2017-igw",
                            "vpc_id": "vpc-6e3d2a17"
                        },
                        "meta": {},
                        "tainted": false
                    },
                    "deposed": [],
                    "provider": ""
                },
                "aws_main_route_table_association.cc2017_rta": {
                    "type": "aws_main_route_table_association",
                    "depends_on": [
                        "aws_route_table.cc2017_rt",
                        "aws_vpc.cc2017_vpc"
                    ],
                    "primary": {
                        "id": "rtbassoc-a6eab0dc",
                        "attributes": {
                            "id": "rtbassoc-a6eab0dc",
                            "original_route_table_id": "rtb-1283cd69",
                            "route_table_id": "rtb-9e9bd5e5",
                            "vpc_id": "vpc-6e3d2a17"
                        },
                        "meta": {},
                        "tainted": false
                    },
                    "deposed": [],
                    "provider": ""
                },
                "aws_route_table.cc2017_rt": {
                    "type": "aws_route_table",
                    "depends_on": [
                        "aws_internet_gateway.cc2017_igw",
                        "aws_vpc.cc2017_vpc"
                    ],
                    "primary": {
                        "id": "rtb-9e9bd5e5",
                        "attributes": {
                            "id": "rtb-9e9bd5e5",
                            "propagating_vgws.#": "0",
                            "route.#": "1",
                            "route.520221867.cidr_block": "0.0.0.0/0",
                            "route.520221867.egress_only_gateway_id": "",
                            "route.520221867.gateway_id": "igw-975ab4ee",
                            "route.520221867.instance_id": "",
                            "route.520221867.ipv6_cidr_block": "",
                            "route.520221867.nat_gateway_id": "",
                            "route.520221867.network_interface_id": "",
                            "route.520221867.vpc_peering_connection_id": "",
                            "tags.%": "0",
                            "vpc_id": "vpc-6e3d2a17"
                        },
                        "meta": {},
                        "tainted": false
                    },
                    "deposed": [],
                    "provider": ""
                },
                "aws_s3_bucket.cc2017bucket": {
                    "type": "aws_s3_bucket",
                    "depends_on": [],
                    "primary": {
                        "id": "cc2017tdd",
                        "attributes": {
                            "acceleration_status": "",
                            "acl": "private",
                            "arn": "arn:aws:s3:::cc2017tdd",
                            "bucket": "cc2017tdd",
                            "bucket_domain_name": "cc2017tdd.s3.amazonaws.com",
                            "force_destroy": "false",
                            "hosted_zone_id": "Z3AQBSTGFYJSTF",
                            "id": "cc2017tdd",
                            "logging.#": "0",
                            "region": "us-east-1",
                            "request_payer": "BucketOwner",
                            "tags.%": "1",
                            "tags.Name": "CC2017Bucket",
                            "versioning.#": "1",
                            "versioning.0.enabled": "false",
                            "versioning.0.mfa_delete": "false",
                            "website.#": "0"
                        },
                        "meta": {},
                        "tainted": false
                    },
                    "deposed": [],
                    "provider": ""
                },
                "aws_security_group.node_access": {
                    "type": "aws_security_group",
                    "depends_on": [
                        "aws_vpc.cc2017_vpc"
                    ],
                    "primary": {
                        "id": "sg-abc318d8",
                        "attributes": {
                            "description": "opens correct ports for node",
                            "egress.#": "1",
                            "egress.482069346.cidr_blocks.#": "1",
                            "egress.482069346.cidr_blocks.0": "0.0.0.0/0",
                            "egress.482069346.from_port": "0",
                            "egress.482069346.ipv6_cidr_blocks.#": "0",
                            "egress.482069346.prefix_list_ids.#": "0",
                            "egress.482069346.protocol": "-1",
                            "egress.482069346.security_groups.#": "0",
                            "egress.482069346.self": "false",
                            "egress.482069346.to_port": "0",
                            "id": "sg-abc318d8",
                            "ingress.#": "1",
                            "ingress.1994621032.cidr_blocks.#": "1",
                            "ingress.1994621032.cidr_blocks.0": "0.0.0.0/0",
                            "ingress.1994621032.from_port": "3000",
                            "ingress.1994621032.ipv6_cidr_blocks.#": "0",
                            "ingress.1994621032.protocol": "tcp",
                            "ingress.1994621032.security_groups.#": "0",
                            "ingress.1994621032.self": "false",
                            "ingress.1994621032.to_port": "3000",
                            "name": "node-sg-us-east-1",
                            "owner_id": "964357038409",
                            "tags.%": "0",
                            "vpc_id": "vpc-6e3d2a17"
                        },
                        "meta": {},
                        "tainted": false
                    },
                    "deposed": [],
                    "provider": ""
                },
                "aws_security_group.ssh_access": {
                    "type": "aws_security_group",
                    "depends_on": [
                        "aws_vpc.cc2017_vpc"
                    ],
                    "primary": {
                        "id": "sg-e3d70c90",
                        "attributes": {
                            "description": "opens correct ports for ssh to us-east-1 instances",
                            "egress.#": "1",
                            "egress.482069346.cidr_blocks.#": "1",
                            "egress.482069346.cidr_blocks.0": "0.0.0.0/0",
                            "egress.482069346.from_port": "0",
                            "egress.482069346.ipv6_cidr_blocks.#": "0",
                            "egress.482069346.prefix_list_ids.#": "0",
                            "egress.482069346.protocol": "-1",
                            "egress.482069346.security_groups.#": "0",
                            "egress.482069346.self": "false",
                            "egress.482069346.to_port": "0",
                            "id": "sg-e3d70c90",
                            "ingress.#": "1",
                            "ingress.2541437006.cidr_blocks.#": "1",
                            "ingress.2541437006.cidr_blocks.0": "0.0.0.0/0",
                            "ingress.2541437006.from_port": "22",
                            "ingress.2541437006.ipv6_cidr_blocks.#": "0",
                            "ingress.2541437006.protocol": "tcp",
                            "ingress.2541437006.security_groups.#": "0",
                            "ingress.2541437006.self": "false",
                            "ingress.2541437006.to_port": "22",
                            "name": "ssh-sg-us-east-1",
                            "owner_id": "964357038409",
                            "tags.%": "0",
                            "vpc_id": "vpc-6e3d2a17"
                        },
                        "meta": {},
                        "tainted": false
                    },
                    "deposed": [],
                    "provider": ""
                },
                "aws_subnet.cc2017_subnet": {
                    "type": "aws_subnet",
                    "depends_on": [
                        "aws_vpc.cc2017_vpc"
                    ],
                    "primary": {
                        "id": "subnet-b13297d5",
                        "attributes": {
                            "assign_ipv6_address_on_creation": "false",
                            "availability_zone": "us-east-1a",
                            "cidr_block": "175.0.128.0/20",
                            "id": "subnet-b13297d5",
                            "map_public_ip_on_launch": "true",
                            "tags.%": "2",
                            "tags.BuiltBy": "Terraform",
                            "tags.Name": "CodeCamp2017",
                            "vpc_id": "vpc-6e3d2a17"
                        },
                        "meta": {
                            "schema_version": "1"
                        },
                        "tainted": false
                    },
                    "deposed": [],
                    "provider": ""
                },
                "aws_vpc.cc2017_vpc": {
                    "type": "aws_vpc",
                    "depends_on": [],
                    "primary": {
                        "id": "vpc-6e3d2a17",
                        "attributes": {
                            "assign_generated_ipv6_cidr_block": "false",
                            "cidr_block": "175.0.0.0/16",
                            "default_network_acl_id": "acl-0511927d",
                            "default_route_table_id": "rtb-1283cd69",
                            "default_security_group_id": "sg-d4cf14a7",
                            "dhcp_options_id": "dopt-4df58e29",
                            "enable_classiclink": "false",
                            "enable_classiclink_dns_support": "false",
                            "enable_dns_hostnames": "true",
                            "enable_dns_support": "true",
                            "id": "vpc-6e3d2a17",
                            "instance_tenancy": "default",
                            "main_route_table_id": "rtb-1283cd69",
                            "tags.%": "2",
                            "tags.BuiltBy": "Terraform",
                            "tags.Name": "CodeCamp2017"
                        },
                        "meta": {
                            "schema_version": "1"
                        },
                        "tainted": false
                    },
                    "deposed": [],
                    "provider": ""
                },
                "data.aws_ami.amazon_linux": {
                    "type": "aws_ami",
                    "depends_on": [],
                    "primary": {
                        "id": "ami-29550952",
                        "attributes": {
                            "architecture": "x86_64",
                            "block_device_mappings.#": "1",
                            "block_device_mappings.340275815.device_name": "/dev/xvda",
                            "block_device_mappings.340275815.ebs.%": "6",
                            "block_device_mappings.340275815.ebs.delete_on_termination": "true",
                            "block_device_mappings.340275815.ebs.encrypted": "false",
                            "block_device_mappings.340275815.ebs.iops": "0",
                            "block_device_mappings.340275815.ebs.snapshot_id": "snap-0e887ce0569f13363",
                            "block_device_mappings.340275815.ebs.volume_size": "8",
                            "block_device_mappings.340275815.ebs.volume_type": "gp2",
                            "block_device_mappings.340275815.no_device": "",
                            "block_device_mappings.340275815.virtual_name": "",
                            "creation_date": "2017-07-26T20:43:07.000Z",
                            "description": "true",
                            "filter.#": "1",
                            "filter.1911301856.name": "name",
                            "filter.1911301856.values.#": "1",
                            "filter.1911301856.values.0": "amzn-ami-hvm-2017.03.1.20170623-x86_64-gp2",
                            "hypervisor": "xen",
                            "id": "ami-29550952",
                            "image_id": "ami-29550952",
                            "image_location": "336917277918/amzn-ami-hvm-2017.03.1.20170623-x86_64-gp2",
                            "image_type": "machine",
                            "most_recent": "true",
                            "name": "amzn-ami-hvm-2017.03.1.20170623-x86_64-gp2",
                            "owner_id": "336917277918",
                            "product_codes.#": "0",
                            "public": "true",
                            "root_device_name": "/dev/xvda",
                            "root_device_type": "ebs",
                            "sriov_net_support": "simple",
                            "state": "available",
                            "state_reason.%": "2",
                            "state_reason.code": "UNSET",
                            "state_reason.message": "UNSET",
                            "tags.#": "0",
                            "virtualization_type": "hvm"
                        },
                        "meta": {},
                        "tainted": false
                    },
                    "deposed": [],
                    "provider": ""
                }
            },
            "depends_on": []
        }
    ]
}
